<?xml version="1.0" encoding="utf-8"?>
<Project ToolsVersion="4.0" xmlns="http://schemas.microsoft.com/developer/msbuild/2003">
  <ItemGroup>
    <Filter Include="Source Files">
      <UniqueIdentifier>{4FC737F1-C7A5-4376-A066-2A32D752A2FF}</UniqueIdentifier>
      <Extensions>cpp;c;cc;cxx;def;odl;idl;hpj;bat;asm;asmx</Extensions>
    </Filter>
    <Filter Include="Header Files">
      <UniqueIdentifier>{93995380-89BD-4b04-88EB-625FBE52EBFB}</UniqueIdentifier>
      <Extensions>h;hh;hpp;hxx;hm;inl;inc;ipp;xsd</Extensions>
    </Filter>
    <Filter Include="Resource Files">
      <UniqueIdentifier>{67DA6AB6-F800-4c08-8B7A-83BB121AAD01}</UniqueIdentifier>
      <Extensions>rc;ico;cur;bmp;dlg;rc2;rct;bin;rgs;gif;jpg;jpeg;jpe;resx;tiff;tif;png;wav;mfcribbon-ms</Extensions>
    </Filter>
    <Filter Include="Header Files\class">
      <UniqueIdentifier>{57a75e44-d487-4ce3-9f91-a378653bdbdc}</UniqueIdentifier>
    </Filter>
    <Filter Include="Source Files\class">
      <UniqueIdentifier>{181b20d0-41cf-443b-b4c1-62789c6ff222}</UniqueIdentifier>
    </Filter>
    <Filter Include="Header Files\global">
      <UniqueIdentifier>{42b905b4-203c-4fad-b6e7-0ec3d662e1b7}</UniqueIdentifier>
    </Filter>
    <Filter Include="Source Files\class\grammatical_parser">
      <UniqueIdentifier>{7d4c26b4-ce01-4333-ac06-65d5f05ffe6b}</UniqueIdentifier>
    </Filter>
    <Filter Include="Source Files\class\symbol_table">
      <UniqueIdentifier>{f7f0a894-bb3d-4647-beb6-788569314eec}</UniqueIdentifier>
    </Filter>
    <Filter Include="Header Files\class\symbol_table">
      <UniqueIdentifier>{c706f5a7-212a-45d6-bae4-4956215e021f}</UniqueIdentifier>
    </Filter>
    <Filter Include="Header Files\class\middle_code">
      <UniqueIdentifier>{69911021-a632-4452-b33f-5d55dd761b17}</UniqueIdentifier>
    </Filter>
    <Filter Include="Source Files\class\middle_code">
      <UniqueIdentifier>{59825c5f-db43-4c57-9d63-4fa795d10a4d}</UniqueIdentifier>
    </Filter>
    <Filter Include="Source Files\class\lexical_parser">
      <UniqueIdentifier>{02522354-9591-4212-b245-db8db3f094e5}</UniqueIdentifier>
    </Filter>
    <Filter Include="Header Files\class\lexical_parser">
      <UniqueIdentifier>{10d024a4-1d8d-45db-919a-f09ab4ae8b2a}</UniqueIdentifier>
    </Filter>
    <Filter Include="Header Files\class\input">
      <UniqueIdentifier>{51af358a-5685-490e-8f1e-c9a7cad870be}</UniqueIdentifier>
    </Filter>
    <Filter Include="Source Files\class\input">
      <UniqueIdentifier>{7cf970f9-0bb9-434f-876a-5f9c22638bd8}</UniqueIdentifier>
    </Filter>
    <Filter Include="Source Files\class\object_code">
      <UniqueIdentifier>{d2a6b239-e394-4e58-8a0c-f5741cca0556}</UniqueIdentifier>
    </Filter>
    <Filter Include="Header Files\class\object_code">
      <UniqueIdentifier>{9c219482-d238-432f-b087-798a816a0dca}</UniqueIdentifier>
    </Filter>
    <Filter Include="Source Files\class\optimizer">
      <UniqueIdentifier>{8a7188db-e0e8-457e-bf5f-82da7ce7b457}</UniqueIdentifier>
    </Filter>
    <Filter Include="Header Files\class\optimizer">
      <UniqueIdentifier>{acb1dd0b-3dba-4f38-872d-c78d13da474c}</UniqueIdentifier>
    </Filter>
  </ItemGroup>
  <ItemGroup>
    <ClInclude Include="resource.h">
      <Filter>Header Files\global</Filter>
    </ClInclude>
    <ClInclude Include="symbol.h">
      <Filter>Header Files\global</Filter>
    </ClInclude>
    <ClInclude Include="utils.h">
      <Filter>Header Files\global</Filter>
    </ClInclude>
    <ClInclude Include="GrammaticalParser.h">
      <Filter>Header Files\class</Filter>
    </ClInclude>
    <ClInclude Include="debug.h">
      <Filter>Header Files\class</Filter>
    </ClInclude>
    <ClInclude Include="ParseException.h">
      <Filter>Header Files\class</Filter>
    </ClInclude>
    <ClInclude Include="error.h">
      <Filter>Header Files\global</Filter>
    </ClInclude>
    <ClInclude Include="SymbolTable.h">
      <Filter>Header Files\class\symbol_table</Filter>
    </ClInclude>
    <ClInclude Include="SymbolItem.h">
      <Filter>Header Files\class\symbol_table</Filter>
    </ClInclude>
    <ClInclude Include="Block.h">
      <Filter>Header Files\class\symbol_table</Filter>
    </ClInclude>
    <ClInclude Include="SymbolFactory.h">
      <Filter>Header Files\class\symbol_table</Filter>
    </ClInclude>
    <ClInclude Include="Quaternary.h">
      <Filter>Header Files\class\middle_code</Filter>
    </ClInclude>
    <ClInclude Include="LexParser.h">
      <Filter>Header Files\class\lexical_parser</Filter>
    </ClInclude>
    <ClInclude Include="Token.h">
      <Filter>Header Files\class\lexical_parser</Filter>
    </ClInclude>
    <ClInclude Include="FileReader.h">
      <Filter>Header Files\class\input</Filter>
    </ClInclude>
    <ClInclude Include="mips_generator.h">
      <Filter>Header Files\class\object_code</Filter>
    </ClInclude>
    <ClInclude Include="mips_function.h">
      <Filter>Header Files\class\object_code</Filter>
    </ClInclude>
    <ClInclude Include="mips_code_utils.h">
      <Filter>Header Files\class\object_code</Filter>
    </ClInclude>
    <ClInclude Include="Optimizer.h">
      <Filter>Header Files\class\optimizer</Filter>
    </ClInclude>
    <ClInclude Include="InlineOptimizer.h">
      <Filter>Header Files\class\optimizer</Filter>
    </ClInclude>
  </ItemGroup>
  <ItemGroup>
    <ClCompile Include="main.cpp">
      <Filter>Source Files</Filter>
    </ClCompile>
    <ClCompile Include="utils.cpp">
      <Filter>Source Files</Filter>
    </ClCompile>
    <ClCompile Include="unit3_support.cpp">
      <Filter>Source Files\class\grammatical_parser</Filter>
    </ClCompile>
    <ClCompile Include="GrammaticalParser.cpp">
      <Filter>Source Files\class\grammatical_parser</Filter>
    </ClCompile>
    <ClCompile Include="check.cpp">
      <Filter>Source Files\class\grammatical_parser</Filter>
    </ClCompile>
    <ClCompile Include="unit4_support.cpp">
      <Filter>Source Files\class\grammatical_parser</Filter>
    </ClCompile>
    <ClCompile Include="SymbolTable.cpp">
      <Filter>Source Files\class\symbol_table</Filter>
    </ClCompile>
    <ClCompile Include="ParseException.cpp">
      <Filter>Source Files\class</Filter>
    </ClCompile>
    <ClCompile Include="symbol_table_utils.cpp">
      <Filter>Source Files\class\symbol_table</Filter>
    </ClCompile>
    <ClCompile Include="Block.cpp">
      <Filter>Source Files\class\symbol_table</Filter>
    </ClCompile>
    <ClCompile Include="SymbolFactory.cpp">
      <Filter>Source Files\class\symbol_table</Filter>
    </ClCompile>
    <ClCompile Include="middle_code_generator.cpp">
      <Filter>Source Files\class\middle_code</Filter>
    </ClCompile>
    <ClCompile Include="middle_code_printer.cpp">
      <Filter>Source Files\class\middle_code</Filter>
    </ClCompile>
    <ClCompile Include="SymbolItem.cpp">
      <Filter>Source Files\class\symbol_table</Filter>
    </ClCompile>
    <ClCompile Include="LexParser.cpp">
      <Filter>Source Files\class\lexical_parser</Filter>
    </ClCompile>
    <ClCompile Include="Token.cpp">
      <Filter>Source Files\class\lexical_parser</Filter>
    </ClCompile>
    <ClCompile Include="FileReader.cpp">
      <Filter>Source Files\class\input</Filter>
    </ClCompile>
    <ClCompile Include="mips_generator.cpp">
      <Filter>Source Files\class\object_code</Filter>
    </ClCompile>
    <ClCompile Include="mips_function.cpp">
      <Filter>Source Files\class\object_code</Filter>
    </ClCompile>
    <ClCompile Include="mips_code_utils.cpp">
      <Filter>Source Files\class\object_code</Filter>
    </ClCompile>
    <ClCompile Include="middle_code_utils.cpp">
      <Filter>Source Files\class\middle_code</Filter>
    </ClCompile>
    <ClCompile Include="InlineOptimizer.cpp">
      <Filter>Source Files\class\optimizer</Filter>
    </ClCompile>
    <ClCompile Include="optimizer.cpp">
      <Filter>Source Files\class\optimizer</Filter>
    </ClCompile>
  </ItemGroup>
</Project>